// !$*UTF8*$!
{
	archiveVersion = 1;
	classes = {
	};
	objectVersion = 77;
	objects = {

/* Begin PBXBuildFile section */
		0584A6BB8B57D8BD39321BB1 /* ScoreDial.swift in Sources */ = {isa = PBXBuildFile; fileRef = E6F19A9C04137FF92E7CEDB1 /* ScoreDial.swift */; };
		06773165ACB4C59D65DD585A /* ScoringEngine.swift in Sources */ = {isa = PBXBuildFile; fileRef = 3E29F472C41E46A8E58910CC /* ScoringEngine.swift */; };
		08233B0D825ED8078BAF4E88 /* AnalysisEngine.swift in Sources */ = {isa = PBXBuildFile; fileRef = 42C47F93B7E6A1B603C9B26F /* AnalysisEngine.swift */; };
		0A74967468F0B4A7652D164D /* ShareCardView.swift in Sources */ = {isa = PBXBuildFile; fileRef = FB41FB11FFAE4034FB5EEF2D /* ShareCardView.swift */; };
		14FA68C99F696A808B2F8641 /* Theme.swift in Sources */ = {isa = PBXBuildFile; fileRef = 73DC7F78A98988FF7342B8BF /* Theme.swift */; };
		2519FB0B27E6519DA4A16A58 /* PaywallView.swift in Sources */ = {isa = PBXBuildFile; fileRef = 4CF73E8D6BAE76260B8790EE /* PaywallView.swift */; };
		398301D5BCDBDBDF67CE8633 /* Assets.xcassets in Resources */ = {isa = PBXBuildFile; fileRef = C6D3F84A5EB42FBE3A0F1CA2 /* Assets.xcassets */; };
		39A94F62D741594F08916F9A /* GlassModifier.swift in Sources */ = {isa = PBXBuildFile; fileRef = 95A203513A02AEF6BD27C41E /* GlassModifier.swift */; };
		3EABA77BEB877786660F6A77 /* AppState.swift in Sources */ = {isa = PBXBuildFile; fileRef = 07B9F0BAEB7B0C53385DC810 /* AppState.swift */; };
		4397C96D2137EFEDD47A4B35 /* PrimaryButton.swift in Sources */ = {isa = PBXBuildFile; fileRef = E14F7F4686A96824DA66F5CF /* PrimaryButton.swift */; };
		44A13223E29909A2D0A8A77B /* ScreenTimeOCRParserTests.swift in Sources */ = {isa = PBXBuildFile; fileRef = 48E1E8C8B87D368BB054D6B6 /* ScreenTimeOCRParserTests.swift */; };
		4EC57E50C3D9A0669ABF6ADA /* FriedApp.swift in Sources */ = {isa = PBXBuildFile; fileRef = DAAF42CBE188005B86A885F4 /* FriedApp.swift */; };
		57885654011E33871BB93173 /* ScreenTimeOCRParser.swift in Sources */ = {isa = PBXBuildFile; fileRef = 903AD44337D7E31E70550886 /* ScreenTimeOCRParser.swift */; };
		5CB76C042035BAFE0DE5E72E /* RoastEngine.swift in Sources */ = {isa = PBXBuildFile; fileRef = 593E34CA140E60FA797001AA /* RoastEngine.swift */; };
		608473918A1E2EEECAAD667B /* Models.swift in Sources */ = {isa = PBXBuildFile; fileRef = D1F9F9A814141BCF188504C2 /* Models.swift */; };
		64E7E284E69CC1A0326F9031 /* RoastBankTests.swift in Sources */ = {isa = PBXBuildFile; fileRef = 7C0F092B53D3869202AC98BE /* RoastBankTests.swift */; };
		7442122DE1862D1FBD29D42B /* RevealView.swift in Sources */ = {isa = PBXBuildFile; fileRef = 95ECCF2C4069BFDE35381834 /* RevealView.swift */; };
		771A3A1D6A4C7EC04199FD7D /* HistoryStore.swift in Sources */ = {isa = PBXBuildFile; fileRef = 932B1CA4EFEFF39E534A2DE4 /* HistoryStore.swift */; };
		814E731B787ECF4A3F8B52D7 /* QuizContent.swift in Sources */ = {isa = PBXBuildFile; fileRef = 4A5BB062D4F01F7E542FF951 /* QuizContent.swift */; };
		90FAF466E473025A30BD699F /* GlassCard.swift in Sources */ = {isa = PBXBuildFile; fileRef = E7C1F585D3A9D40762858EBE /* GlassCard.swift */; };
		937EDE32D78968DBF2C18932 /* OnboardingFlow.swift in Sources */ = {isa = PBXBuildFile; fileRef = 55011087D1BFFDA8F0DC4C2B /* OnboardingFlow.swift */; };
		95B202002C7F3EE5FFA54383 /* TierTests.swift in Sources */ = {isa = PBXBuildFile; fileRef = 0A6719E15C3E512118C2165E /* TierTests.swift */; };
		965148B80D8E8BF38F186365 /* CalculatingView.swift in Sources */ = {isa = PBXBuildFile; fileRef = 0AAB16449C596D2831DD6138 /* CalculatingView.swift */; };
		9BCD9C8C9C8476F7855714EE /* RoastBank.swift in Sources */ = {isa = PBXBuildFile; fileRef = 4CC5E75B1C04760A79429729 /* RoastBank.swift */; };
		AB30768DC1EF69784D2AE923 /* Store.swift in Sources */ = {isa = PBXBuildFile; fileRef = 63398EF1A2454F55EB93FA65 /* Store.swift */; };
		AB4027F71F7B9DA679CCBFDC /* ScoringEngineTests.swift in Sources */ = {isa = PBXBuildFile; fileRef = 79C1763F15D365535BEC8927 /* ScoringEngineTests.swift */; };
		B05EEC50CBBAC9ADCAC5F191 /* PrivacyInfo.xcprivacy in Resources */ = {isa = PBXBuildFile; fileRef = 778108B0C2F286E6588BEAF3 /* PrivacyInfo.xcprivacy */; };
		B2564ECE58F284574D503A88 /* HomeView.swift in Sources */ = {isa = PBXBuildFile; fileRef = 27BA19E25CCB91A68A59DBB0 /* HomeView.swift */; };
		CEE27DD139D9171CC8128A7E /* RootView.swift in Sources */ = {isa = PBXBuildFile; fileRef = BA10FFFC8EFCAF849F556981 /* RootView.swift */; };
		E0D28FABB1811DBEA625AFD0 /* ReactionGauntletView.swift in Sources */ = {isa = PBXBuildFile; fileRef = 38E295814FC3ACE9167408FA /* ReactionGauntletView.swift */; };
		EB952560AA4A1929732D7794 /* SplashView.swift in Sources */ = {isa = PBXBuildFile; fileRef = 9B28439CD4FD1208AB4D7298 /* SplashView.swift */; };
		FBA36162EBBC63104462D95D /* AmbientBackground.swift in Sources */ = {isa = PBXBuildFile; fileRef = B72F844EDBC8F55F83E2AF77 /* AmbientBackground.swift */; };
/* End PBXBuildFile section */

/* Begin PBXContainerItemProxy section */
		492B437618F5CF9261D84CCE /* PBXContainerItemProxy */ = {
			isa = PBXContainerItemProxy;
			containerPortal = 214BB128BB938738FB506F20 /* Project object */;
			proxyType = 1;
			remoteGlobalIDString = 4A34361B01335DE5F05F8D54;
			remoteInfo = Fried;
		};
/* End PBXContainerItemProxy section */

/* Begin PBXFileReference section */
		07B9F0BAEB7B0C53385DC810 /* AppState.swift */ = {isa = PBXFileReference; lastKnownFileType = sourcecode.swift; path = AppState.swift; sourceTree = "<group>"; };
		0A6719E15C3E512118C2165E /* TierTests.swift */ = {isa = PBXFileReference; lastKnownFileType = sourcecode.swift; path = TierTests.swift; sourceTree = "<group>"; };
		0AAB16449C596D2831DD6138 /* CalculatingView.swift */ = {isa = PBXFileReference; lastKnownFileType = sourcecode.swift; path = CalculatingView.swift; sourceTree = "<group>"; };
		27BA19E25CCB91A68A59DBB0 /* HomeView.swift */ = {isa = PBXFileReference; lastKnownFileType = sourcecode.swift; path = HomeView.swift; sourceTree = "<group>"; };
		38E295814FC3ACE9167408FA /* ReactionGauntletView.swift */ = {isa = PBXFileReference; lastKnownFileType = sourcecode.swift; path = ReactionGauntletView.swift; sourceTree = "<group>"; };
		3E29F472C41E46A8E58910CC /* ScoringEngine.swift */ = {isa = PBXFileReference; lastKnownFileType = sourcecode.swift; path = ScoringEngine.swift; sourceTree = "<group>"; };
		42C47F93B7E6A1B603C9B26F /* AnalysisEngine.swift */ = {isa = PBXFileReference; lastKnownFileType = sourcecode.swift; path = AnalysisEngine.swift; sourceTree = "<group>"; };
		48E1E8C8B87D368BB054D6B6 /* ScreenTimeOCRParserTests.swift */ = {isa = PBXFileReference; lastKnownFileType = sourcecode.swift; path = ScreenTimeOCRParserTests.swift; sourceTree = "<group>"; };
		49FA370F0CDCD6839FBE510C /* FriedTests.xctest */ = {isa = PBXFileReference; includeInIndex = 0; lastKnownFileType = wrapper.cfbundle; path = FriedTests.xctest; sourceTree = BUILT_PRODUCTS_DIR; };
		4A5BB062D4F01F7E542FF951 /* QuizContent.swift */ = {isa = PBXFileReference; lastKnownFileType = sourcecode.swift; path = QuizContent.swift; sourceTree = "<group>"; };
		4CC5E75B1C04760A79429729 /* RoastBank.swift */ = {isa = PBXFileReference; lastKnownFileType = sourcecode.swift; path = RoastBank.swift; sourceTree = "<group>"; };
		4CF73E8D6BAE76260B8790EE /* PaywallView.swift */ = {isa = PBXFileReference; lastKnownFileType = sourcecode.swift; path = PaywallView.swift; sourceTree = "<group>"; };
		55011087D1BFFDA8F0DC4C2B /* OnboardingFlow.swift */ = {isa = PBXFileReference; lastKnownFileType = sourcecode.swift; path = OnboardingFlow.swift; sourceTree = "<group>"; };
		593E34CA140E60FA797001AA /* RoastEngine.swift */ = {isa = PBXFileReference; lastKnownFileType = sourcecode.swift; path = RoastEngine.swift; sourceTree = "<group>"; };
		63398EF1A2454F55EB93FA65 /* Store.swift */ = {isa = PBXFileReference; lastKnownFileType = sourcecode.swift; path = Store.swift; sourceTree = "<group>"; };
		664AA6B1EC41D4532B098205 /* Fried.app */ = {isa = PBXFileReference; includeInIndex = 0; lastKnownFileType = wrapper.application; path = Fried.app; sourceTree = BUILT_PRODUCTS_DIR; };
		73DC7F78A98988FF7342B8BF /* Theme.swift */ = {isa = PBXFileReference; lastKnownFileType = sourcecode.swift; path = Theme.swift; sourceTree = "<group>"; };
		778108B0C2F286E6588BEAF3 /* PrivacyInfo.xcprivacy */ = {isa = PBXFileReference; path = PrivacyInfo.xcprivacy; sourceTree = "<group>"; };
		79C1763F15D365535BEC8927 /* ScoringEngineTests.swift */ = {isa = PBXFileReference; lastKnownFileType = sourcecode.swift; path = ScoringEngineTests.swift; sourceTree = "<group>"; };
		7C0F092B53D3869202AC98BE /* RoastBankTests.swift */ = {isa = PBXFileReference; lastKnownFileType = sourcecode.swift; path = RoastBankTests.swift; sourceTree = "<group>"; };
		903AD44337D7E31E70550886 /* ScreenTimeOCRParser.swift */ = {isa = PBXFileReference; lastKnownFileType = sourcecode.swift; path = ScreenTimeOCRParser.swift; sourceTree = "<group>"; };
		932B1CA4EFEFF39E534A2DE4 /* HistoryStore.swift */ = {isa = PBXFileReference; lastKnownFileType = sourcecode.swift; path = HistoryStore.swift; sourceTree = "<group>"; };
		95A203513A02AEF6BD27C41E /* GlassModifier.swift */ = {isa = PBXFileReference; lastKnownFileType = sourcecode.swift; path = GlassModifier.swift; sourceTree = "<group>"; };
		95ECCF2C4069BFDE35381834 /* RevealView.swift */ = {isa = PBXFileReference; lastKnownFileType = sourcecode.swift; path = RevealView.swift; sourceTree = "<group>"; };
		9B28439CD4FD1208AB4D7298 /* SplashView.swift */ = {isa = PBXFileReference; lastKnownFileType = sourcecode.swift; path = SplashView.swift; sourceTree = "<group>"; };
		B72F844EDBC8F55F83E2AF77 /* AmbientBackground.swift */ = {isa = PBXFileReference; lastKnownFileType = sourcecode.swift; path = AmbientBackground.swift; sourceTree = "<group>"; };
		BA10FFFC8EFCAF849F556981 /* RootView.swift */ = {isa = PBXFileReference; lastKnownFileType = sourcecode.swift; path = RootView.swift; sourceTree = "<group>"; };
		C6D3F84A5EB42FBE3A0F1CA2 /* Assets.xcassets */ = {isa = PBXFileReference; lastKnownFileType = folder.assetcatalog; path = Assets.xcassets; sourceTree = "<group>"; };
		D1F9F9A814141BCF188504C2 /* Models.swift */ = {isa = PBXFileReference; lastKnownFileType = sourcecode.swift; path = Models.swift; sourceTree = "<group>"; };
		DAAF42CBE188005B86A885F4 /* FriedApp.swift */ = {isa = PBXFileReference; lastKnownFileType = sourcecode.swift; path = FriedApp.swift; sourceTree = "<group>"; };
		E14F7F4686A96824DA66F5CF /* PrimaryButton.swift */ = {isa = PBXFileReference; lastKnownFileType = sourcecode.swift; path = PrimaryButton.swift; sourceTree = "<group>"; };
		E6F19A9C04137FF92E7CEDB1 /* ScoreDial.swift */ = {isa = PBXFileReference; lastKnownFileType = sourcecode.swift; path = ScoreDial.swift; sourceTree = "<group>"; };
		E7C1F585D3A9D40762858EBE /* GlassCard.swift */ = {isa = PBXFileReference; lastKnownFileType = sourcecode.swift; path = GlassCard.swift; sourceTree = "<group>"; };
		FB41FB11FFAE4034FB5EEF2D /* ShareCardView.swift */ = {isa = PBXFileReference; lastKnownFileType = sourcecode.swift; path = ShareCardView.swift; sourceTree = "<group>"; };
/* End PBXFileReference section */

/* Begin PBXGroup section */
		1B38FE3C9C1B48A09C3BF45D /* Reveal */ = {
			isa = PBXGroup;
			children = (
				42C47F93B7E6A1B603C9B26F /* AnalysisEngine.swift */,
				95ECCF2C4069BFDE35381834 /* RevealView.swift */,
				593E34CA140E60FA797001AA /* RoastEngine.swift */,
			);
			path = Reveal;
			sourceTree = "<group>";
		};
		32D230BABDDDE0FD66976CE6 /* Design */ = {
			isa = PBXGroup;
			children = (
				B72F844EDBC8F55F83E2AF77 /* AmbientBackground.swift */,
				95A203513A02AEF6BD27C41E /* GlassModifier.swift */,
				73DC7F78A98988FF7342B8BF /* Theme.swift */,
				8FED6CD6836DBD5E1E9BA525 /* Components */,
			);
			path = Design;
			sourceTree = "<group>";
		};
		33610C78D51BBC1C6876A3E2 = {
			isa = PBXGroup;
			children = (
				6CA1A7529F187DA21F101994 /* Sources */,
				D5809E54E1A7AB890CC0C544 /* Tests */,
				8BAA66108E6DA96AC3A0284A /* Products */,
			);
			sourceTree = "<group>";
		};
		44657867D8CE9F4AAB86D50D /* App */ = {
			isa = PBXGroup;
			children = (
				07B9F0BAEB7B0C53385DC810 /* AppState.swift */,
				DAAF42CBE188005B86A885F4 /* FriedApp.swift */,
				BA10FFFC8EFCAF849F556981 /* RootView.swift */,
			);
			path = App;
			sourceTree = "<group>";
		};
		459A932FD6FE032B41906EAD /* Paywall */ = {
			isa = PBXGroup;
			children = (
				4CF73E8D6BAE76260B8790EE /* PaywallView.swift */,
			);
			path = Paywall;
			sourceTree = "<group>";
		};
		5629618A2B8A9D7CF9879F61 /* Store */ = {
			isa = PBXGroup;
			children = (
				63398EF1A2454F55EB93FA65 /* Store.swift */,
			);
			path = Store;
			sourceTree = "<group>";
		};
		6CA1A7529F187DA21F101994 /* Sources */ = {
			isa = PBXGroup;
			children = (
				DBB2C8E9ABDB5AFDAC014ABC /* Fried */,
			);
			path = Sources;
			sourceTree = "<group>";
		};
		754B03B76FA4C4522350E9BB /* Home */ = {
			isa = PBXGroup;
			children = (
				27BA19E25CCB91A68A59DBB0 /* HomeView.swift */,
			);
			path = Home;
			sourceTree = "<group>";
		};
		8BAA66108E6DA96AC3A0284A /* Products */ = {
			isa = PBXGroup;
			children = (
				664AA6B1EC41D4532B098205 /* Fried.app */,
				49FA370F0CDCD6839FBE510C /* FriedTests.xctest */,
			);
			name = Products;
			sourceTree = "<group>";
		};
		8FED6CD6836DBD5E1E9BA525 /* Components */ = {
			isa = PBXGroup;
			children = (
				E7C1F585D3A9D40762858EBE /* GlassCard.swift */,
				E14F7F4686A96824DA66F5CF /* PrimaryButton.swift */,
				E6F19A9C04137FF92E7CEDB1 /* ScoreDial.swift */,
				FB41FB11FFAE4034FB5EEF2D /* ShareCardView.swift */,
			);
			path = Components;
			sourceTree = "<group>";
		};
		988AA9FC80575CD127946957 /* Core */ = {
			isa = PBXGroup;
			children = (
				932B1CA4EFEFF39E534A2DE4 /* HistoryStore.swift */,
				D1F9F9A814141BCF188504C2 /* Models.swift */,
				4A5BB062D4F01F7E542FF951 /* QuizContent.swift */,
				4CC5E75B1C04760A79429729 /* RoastBank.swift */,
				3E29F472C41E46A8E58910CC /* ScoringEngine.swift */,
				903AD44337D7E31E70550886 /* ScreenTimeOCRParser.swift */,
			);
			path = Core;
			sourceTree = "<group>";
		};
		A7CC37693A36F7C715483380 /* Onboarding */ = {
			isa = PBXGroup;
			children = (
				0AAB16449C596D2831DD6138 /* CalculatingView.swift */,
				55011087D1BFFDA8F0DC4C2B /* OnboardingFlow.swift */,
				38E295814FC3ACE9167408FA /* ReactionGauntletView.swift */,
				9B28439CD4FD1208AB4D7298 /* SplashView.swift */,
			);
			path = Onboarding;
			sourceTree = "<group>";
		};
		D5809E54E1A7AB890CC0C544 /* Tests */ = {
			isa = PBXGroup;
			children = (
				EBAC423E9849C82381B150B0 /* FriedTests */,
			);
			path = Tests;
			sourceTree = "<group>";
		};
		DBB2C8E9ABDB5AFDAC014ABC /* Fried */ = {
			isa = PBXGroup;
			children = (
				C6D3F84A5EB42FBE3A0F1CA2 /* Assets.xcassets */,
				778108B0C2F286E6588BEAF3 /* PrivacyInfo.xcprivacy */,
				44657867D8CE9F4AAB86D50D /* App */,
				988AA9FC80575CD127946957 /* Core */,
				32D230BABDDDE0FD66976CE6 /* Design */,
				F09E0772C712B3019F463F0D /* Features */,
			);
			path = Fried;
			sourceTree = "<group>";
		};
		EBAC423E9849C82381B150B0 /* FriedTests */ = {
			isa = PBXGroup;
			children = (
				7C0F092B53D3869202AC98BE /* RoastBankTests.swift */,
				79C1763F15D365535BEC8927 /* ScoringEngineTests.swift */,
				48E1E8C8B87D368BB054D6B6 /* ScreenTimeOCRParserTests.swift */,
				0A6719E15C3E512118C2165E /* TierTests.swift */,
			);
			path = FriedTests;
			sourceTree = "<group>";
		};
		F09E0772C712B3019F463F0D /* Features */ = {
			isa = PBXGroup;
			children = (
				754B03B76FA4C4522350E9BB /* Home */,
				A7CC37693A36F7C715483380 /* Onboarding */,
				459A932FD6FE032B41906EAD /* Paywall */,
				1B38FE3C9C1B48A09C3BF45D /* Reveal */,
				5629618A2B8A9D7CF9879F61 /* Store */,
			);
			path = Features;
			sourceTree = "<group>";
		};
/* End PBXGroup section */

/* Begin PBXNativeTarget section */
		4A34361B01335DE5F05F8D54 /* Fried */ = {
			isa = PBXNativeTarget;
			buildConfigurationList = 81A509644994D4FDB5E5718A /* Build configuration list for PBXNativeTarget "Fried" */;
			buildPhases = (
				98C66A0BB25C3C1749E21AC6 /* Sources */,
				9EB5CDC61D3653F6FB1CF657 /* Resources */,
			);
			buildRules = (
			);
			dependencies = (
			);
			name = Fried;
			packageProductDependencies = (
			);
			productName = Fried;
			productReference = 664AA6B1EC41D4532B098205 /* Fried.app */;
			productType = "com.apple.product-type.application";
		};
		582E4EFAB771084A658172DD /* FriedTests */ = {
			isa = PBXNativeTarget;
			buildConfigurationList = FAD0C9E194854983822276AE /* Build configuration list for PBXNativeTarget "FriedTests" */;
			buildPhases = (
				B48C9D03C6909595AEF70CEA /* Sources */,
			);
			buildRules = (
			);
			dependencies = (
				CF87067A9EC14F119C77BFAF /* PBXTargetDependency */,
			);
			name = FriedTests;
			packageProductDependencies = (
			);
			productName = FriedTests;
			productReference = 49FA370F0CDCD6839FBE510C /* FriedTests.xctest */;
			productType = "com.apple.product-type.bundle.unit-test";
		};
/* End PBXNativeTarget section */

/* Begin PBXProject section */
		214BB128BB938738FB506F20 /* Project object */ = {
			isa = PBXProject;
			attributes = {
				BuildIndependentTargetsInParallel = YES;
				LastUpgradeCheck = 1430;
				TargetAttributes = {
					4A34361B01335DE5F05F8D54 = {
						DevelopmentTeam = "";
						ProvisioningStyle = Automatic;
					};
					582E4EFAB771084A658172DD = {
						DevelopmentTeam = "";
						ProvisioningStyle = Automatic;
					};
				};
			};
			buildConfigurationList = C20CFAA40554B2F74CB0DB8B /* Build configuration list for PBXProject "Fried" */;
			developmentRegion = en;
			hasScannedForEncodings = 0;
			knownRegions = (
				Base,
				en,
			);
			mainGroup = 33610C78D51BBC1C6876A3E2;
			minimizedProjectReferenceProxies = 1;
			preferredProjectObjectVersion = 77;
			productRefGroup = 8BAA66108E6DA96AC3A0284A /* Products */;
			projectDirPath = "";
			projectRoot = "";
			targets = (
				4A34361B01335DE5F05F8D54 /* Fried */,
				582E4EFAB771084A658172DD /* FriedTests */,
			);
		};
/* End PBXProject section */

/* Begin PBXResourcesBuildPhase section */
		9EB5CDC61D3653F6FB1CF657 /* Resources */ = {
			isa = PBXResourcesBuildPhase;
			buildActionMask = 2147483647;
			files = (
				398301D5BCDBDBDF67CE8633 /* Assets.xcassets in Resources */,
				B05EEC50CBBAC9ADCAC5F191 /* PrivacyInfo.xcprivacy in Resources */,
			);
			runOnlyForDeploymentPostprocessing = 0;
		};
/* End PBXResourcesBuildPhase section */

/* Begin PBXSourcesBuildPhase section */
		98C66A0BB25C3C1749E21AC6 /* Sources */ = {
			isa = PBXSourcesBuildPhase;
			buildActionMask = 2147483647;
			files = (
				FBA36162EBBC63104462D95D /* AmbientBackground.swift in Sources */,
				08233B0D825ED8078BAF4E88 /* AnalysisEngine.swift in Sources */,
				3EABA77BEB877786660F6A77 /* AppState.swift in Sources */,
				965148B80D8E8BF38F186365 /* CalculatingView.swift in Sources */,
				4EC57E50C3D9A0669ABF6ADA /* FriedApp.swift in Sources */,
				90FAF466E473025A30BD699F /* GlassCard.swift in Sources */,
				39A94F62D741594F08916F9A /* GlassModifier.swift in Sources */,
				771A3A1D6A4C7EC04199FD7D /* HistoryStore.swift in Sources */,
				B2564ECE58F284574D503A88 /* HomeView.swift in Sources */,
				608473918A1E2EEECAAD667B /* Models.swift in Sources */,
				937EDE32D78968DBF2C18932 /* OnboardingFlow.swift in Sources */,
				2519FB0B27E6519DA4A16A58 /* PaywallView.swift in Sources */,
				4397C96D2137EFEDD47A4B35 /* PrimaryButton.swift in Sources */,
				814E731B787ECF4A3F8B52D7 /* QuizContent.swift in Sources */,
				E0D28FABB1811DBEA625AFD0 /* ReactionGauntletView.swift in Sources */,
				7442122DE1862D1FBD29D42B /* RevealView.swift in Sources */,
				9BCD9C8C9C8476F7855714EE /* RoastBank.swift in Sources */,
				5CB76C042035BAFE0DE5E72E /* RoastEngine.swift in Sources */,
				CEE27DD139D9171CC8128A7E /* RootView.swift in Sources */,
				0584A6BB8B57D8BD39321BB1 /* ScoreDial.swift in Sources */,
				06773165ACB4C59D65DD585A /* ScoringEngine.swift in Sources */,
				57885654011E33871BB93173 /* ScreenTimeOCRParser.swift in Sources */,
				0A74967468F0B4A7652D164D /* ShareCardView.swift in Sources */,
				EB952560AA4A1929732D7794 /* SplashView.swift in Sources */,
				AB30768DC1EF69784D2AE923 /* Store.swift in Sources */,
				14FA68C99F696A808B2F8641 /* Theme.swift in Sources */,
			);
			runOnlyForDeploymentPostprocessing = 0;
		};
		B48C9D03C6909595AEF70CEA /* Sources */ = {
			isa = PBXSourcesBuildPhase;
			buildActionMask = 2147483647;
			files = (
				64E7E284E69CC1A0326F9031 /* RoastBankTests.swift in Sources */,
				AB4027F71F7B9DA679CCBFDC /* ScoringEngineTests.swift in Sources */,
				44A13223E29909A2D0A8A77B /* ScreenTimeOCRParserTests.swift in Sources */,
				95B202002C7F3EE5FFA54383 /* TierTests.swift in Sources */,
			);
			runOnlyForDeploymentPostprocessing = 0;
		};
/* End PBXSourcesBuildPhase section */

/* Begin PBXTargetDependency section */
		CF87067A9EC14F119C77BFAF /* PBXTargetDependency */ = {
			isa = PBXTargetDependency;
			target = 4A34361B01335DE5F05F8D54 /* Fried */;
			targetProxy = 492B437618F5CF9261D84CCE /* PBXContainerItemProxy */;
		};
/* End PBXTargetDependency section */

/* Begin XCBuildConfiguration section */
		63B5255A1328C6D0218AC6B7 /* Debug */ = {
			isa = XCBuildConfiguration;
			buildSettings = {
				ALWAYS_SEARCH_USER_PATHS = NO;
				CLANG_ANALYZER_NONNULL = YES;
				CLANG_ANALYZER_NUMBER_OBJECT_CONVERSION = YES_AGGRESSIVE;
				CLANG_CXX_LANGUAGE_STANDARD = "gnu++14";
				CLANG_CXX_LIBRARY = "libc++";
				CLANG_ENABLE_MODULES = YES;
				CLANG_ENABLE_OBJC_ARC = YES;
				CLANG_ENABLE_OBJC_WEAK = YES;
				CLANG_WARN_BLOCK_CAPTURE_AUTORELEASING = YES;
				CLANG_WARN_BOOL_CONVERSION = YES;
				CLANG_WARN_COMMA = YES;
				CLANG_WARN_CONSTANT_CONVERSION = YES;
				CLANG_WARN_DEPRECATED_OBJC_IMPLEMENTATIONS = YES;
				CLANG_WARN_DIRECT_OBJC_ISA_USAGE = YES_ERROR;
				CLANG_WARN_DOCUMENTATION_COMMENTS = YES;
				CLANG_WARN_EMPTY_BODY = YES;
				CLANG_WARN_ENUM_CONVERSION = YES;
				CLANG_WARN_INFINITE_RECURSION = YES;
				CLANG_WARN_INT_CONVERSION = YES;
				CLANG_WARN_NON_LITERAL_NULL_CONVERSION = YES;
				CLANG_WARN_OBJC_IMPLICIT_RETAIN_SELF = YES;
				CLANG_WARN_OBJC_LITERAL_CONVERSION = YES;
				CLANG_WARN_OBJC_ROOT_CLASS = YES_ERROR;
				CLANG_WARN_QUOTED_INCLUDE_IN_FRAMEWORK_HEADER = YES;
				CLANG_WARN_RANGE_LOOP_ANALYSIS = YES;
				CLANG_WARN_STRICT_PROTOTYPES = YES;
				CLANG_WARN_SUSPICIOUS_MOVE = YES;
				CLANG_WARN_UNGUARDED_AVAILABILITY = YES_AGGRESSIVE;
				CLANG_WARN_UNREACHABLE_CODE = YES;
				CLANG_WARN__DUPLICATE_METHOD_MATCH = YES;
				CODE_SIGN_STYLE = Automatic;
				COPY_PHASE_STRIP = NO;
				CURRENT_PROJECT_VERSION = 1;
				DEBUG_INFORMATION_FORMAT = dwarf;
				DEVELOPMENT_TEAM = "";
				ENABLE_STRICT_OBJC_MSGSEND = YES;
				ENABLE_TESTABILITY = YES;
				GCC_C_LANGUAGE_STANDARD = gnu11;
				GCC_DYNAMIC_NO_PIC = NO;
				GCC_NO_COMMON_BLOCKS = YES;
				GCC_OPTIMIZATION_LEVEL = 0;
				GCC_PREPROCESSOR_DEFINITIONS = (
					"$(inherited)",
					"DEBUG=1",
				);
				GCC_WARN_64_TO_32_BIT_CONVERSION = YES;
				GCC_WARN_ABOUT_RETURN_TYPE = YES_ERROR;
				GCC_WARN_UNDECLARED_SELECTOR = YES;
				GCC_WARN_UNINITIALIZED_AUTOS = YES_AGGRESSIVE;
				GCC_WARN_UNUSED_FUNCTION = YES;
				GCC_WARN_UNUSED_VARIABLE = YES;
				GENERATE_INFOPLIST_FILE = YES;
				IPHONEOS_DEPLOYMENT_TARGET = 18.0;
				MARKETING_VERSION = 1.0.0;
				MTL_ENABLE_DEBUG_INFO = INCLUDE_SOURCE;
				MTL_FAST_MATH = YES;
				ONLY_ACTIVE_ARCH = YES;
				PRODUCT_NAME = "$(TARGET_NAME)";
				SDKROOT = iphoneos;
				SWIFT_ACTIVE_COMPILATION_CONDITIONS = DEBUG;
				SWIFT_OPTIMIZATION_LEVEL = "-Onone";
				SWIFT_VERSION = 5.0;
			};
			name = Debug;
		};
		696C0897F06EF68944BC9162 /* Release */ = {
			isa = XCBuildConfiguration;
			buildSettings = {
				BUNDLE_LOADER = "$(TEST_HOST)";
				LD_RUNPATH_SEARCH_PATHS = (
					"$(inherited)",
					"@executable_path/Frameworks",
					"@loader_path/Frameworks",
				);
				PRODUCT_BUNDLE_IDENTIFIER = com.fried.app.tests;
				SDKROOT = iphoneos;
				TARGETED_DEVICE_FAMILY = "1,2";
				TEST_HOST = "$(BUILT_PRODUCTS_DIR)/Fried.app/Fried";
			};
			name = Release;
		};
		910517E34FBF9364033229EC /* Release */ = {
			isa = XCBuildConfiguration;
			buildSettings = {
				ALWAYS_SEARCH_USER_PATHS = NO;
				CLANG_ANALYZER_NONNULL = YES;
				CLANG_ANALYZER_NUMBER_OBJECT_CONVERSION = YES_AGGRESSIVE;
				CLANG_CXX_LANGUAGE_STANDARD = "gnu++14";
				CLANG_CXX_LIBRARY = "libc++";
				CLANG_ENABLE_MODULES = YES;
				CLANG_ENABLE_OBJC_ARC = YES;
				CLANG_ENABLE_OBJC_WEAK = YES;
				CLANG_WARN_BLOCK_CAPTURE_AUTORELEASING = YES;
				CLANG_WARN_BOOL_CONVERSION = YES;
				CLANG_WARN_COMMA = YES;
				CLANG_WARN_CONSTANT_CONVERSION = YES;
				CLANG_WARN_DEPRECATED_OBJC_IMPLEMENTATIONS = YES;
				CLANG_WARN_DIRECT_OBJC_ISA_USAGE = YES_ERROR;
				CLANG_WARN_DOCUMENTATION_COMMENTS = YES;
				CLANG_WARN_EMPTY_BODY = YES;
				CLANG_WARN_ENUM_CONVERSION = YES;
				CLANG_WARN_INFINITE_RECURSION = YES;
				CLANG_WARN_INT_CONVERSION = YES;
				CLANG_WARN_NON_LITERAL_NULL_CONVERSION = YES;
				CLANG_WARN_OBJC_IMPLICIT_RETAIN_SELF = YES;
				CLANG_WARN_OBJC_LITERAL_CONVERSION = YES;
				CLANG_WARN_OBJC_ROOT_CLASS = YES_ERROR;
				CLANG_WARN_QUOTED_INCLUDE_IN_FRAMEWORK_HEADER = YES;
				CLANG_WARN_RANGE_LOOP_ANALYSIS = YES;
				CLANG_WARN_STRICT_PROTOTYPES = YES;
				CLANG_WARN_SUSPICIOUS_MOVE = YES;
				CLANG_WARN_UNGUARDED_AVAILABILITY = YES_AGGRESSIVE;
				CLANG_WARN_UNREACHABLE_CODE = YES;
				CLANG_WARN__DUPLICATE_METHOD_MATCH = YES;
				CODE_SIGN_STYLE = Automatic;
				COPY_PHASE_STRIP = NO;
				CURRENT_PROJECT_VERSION = 1;
				DEBUG_INFORMATION_FORMAT = "dwarf-with-dsym";
				DEVELOPMENT_TEAM = "";
				ENABLE_NS_ASSERTIONS = NO;
				ENABLE_STRICT_OBJC_MSGSEND = YES;
				GCC_C_LANGUAGE_STANDARD = gnu11;
				GCC_NO_COMMON_BLOCKS = YES;
				GCC_WARN_64_TO_32_BIT_CONVERSION = YES;
				GCC_WARN_ABOUT_RETURN_TYPE = YES_ERROR;
				GCC_WARN_UNDECLARED_SELECTOR = YES;
				GCC_WARN_UNINITIALIZED_AUTOS = YES_AGGRESSIVE;
				GCC_WARN_UNUSED_FUNCTION = YES;
				GCC_WARN_UNUSED_VARIABLE = YES;
				GENERATE_INFOPLIST_FILE = YES;
				IPHONEOS_DEPLOYMENT_TARGET = 18.0;
				MARKETING_VERSION = 1.0.0;
				MTL_ENABLE_DEBUG_INFO = NO;
				MTL_FAST_MATH = YES;
				PRODUCT_NAME = "$(TARGET_NAME)";
				SDKROOT = iphoneos;
				SWIFT_COMPILATION_MODE = wholemodule;
				SWIFT_OPTIMIZATION_LEVEL = "-O";
				SWIFT_VERSION = 5.0;
			};
			name = Release;
		};
		AC8C59FE677B5F06EDC8EEA7 /* Debug */ = {
			isa = XCBuildConfiguration;
			buildSettings = {
				BUNDLE_LOADER = "$(TEST_HOST)";
				LD_RUNPATH_SEARCH_PATHS = (
					"$(inherited)",
					"@executable_path/Frameworks",
					"@loader_path/Frameworks",
				);
				PRODUCT_BUNDLE_IDENTIFIER = com.fried.app.tests;
				SDKROOT = iphoneos;
				TARGETED_DEVICE_FAMILY = "1,2";
				TEST_HOST = "$(BUILT_PRODUCTS_DIR)/Fried.app/Fried";
			};
			name = Debug;
		};
		B8B60F6ED9DA673745114FED /* Debug */ = {
			isa = XCBuildConfiguration;
			buildSettings = {
				ASSETCATALOG_COMPILER_APPICON_NAME = AppIcon;
				CODE_SIGN_IDENTITY = "iPhone Developer";
				INFOPLIST_KEY_CFBundleDisplayName = Fried;
				INFOPLIST_KEY_UIApplicationSceneManifest_Generation = YES;
				INFOPLIST_KEY_UILaunchScreen_Generation = YES;
				INFOPLIST_KEY_UISupportedInterfaceOrientations = UIInterfaceOrientationPortrait;
				LD_RUNPATH_SEARCH_PATHS = (
					"$(inherited)",
					"@executable_path/Frameworks",
				);
				PRODUCT_BUNDLE_IDENTIFIER = com.fried.app;
				SDKROOT = iphoneos;
				TARGETED_DEVICE_FAMILY = 1;
			};
			name = Debug;
		};
		D18B4FC5B8777493A1C66A18 /* Release */ = {
			isa = XCBuildConfiguration;
			buildSettings = {
				ASSETCATALOG_COMPILER_APPICON_NAME = AppIcon;
				CODE_SIGN_IDENTITY = "iPhone Developer";
				INFOPLIST_KEY_CFBundleDisplayName = Fried;
				INFOPLIST_KEY_UIApplicationSceneManifest_Generation = YES;
				INFOPLIST_KEY_UILaunchScreen_Generation = YES;
				INFOPLIST_KEY_UISupportedInterfaceOrientations = UIInterfaceOrientationPortrait;
				LD_RUNPATH_SEARCH_PATHS = (
					"$(inherited)",
					"@executable_path/Frameworks",
				);
				PRODUCT_BUNDLE_IDENTIFIER = com.fried.app;
				SDKROOT = iphoneos;
				TARGETED_DEVICE_FAMILY = 1;
			};
			name = Release;
		};
/* End XCBuildConfiguration section */

/* Begin XCConfigurationList section */
		81A509644994D4FDB5E5718A /* Build configuration list for PBXNativeTarget "Fried" */ = {
			isa = XCConfigurationList;
			buildConfigurations = (
				B8B60F6ED9DA673745114FED /* Debug */,
				D18B4FC5B8777493A1C66A18 /* Release */,
			);
			defaultConfigurationIsVisible = 0;
			defaultConfigurationName = Debug;
		};
		C20CFAA40554B2F74CB0DB8B /* Build configuration list for PBXProject "Fried" */ = {
			isa = XCConfigurationList;
			buildConfigurations = (
				63B5255A1328C6D0218AC6B7 /* Debug */,
				910517E34FBF9364033229EC /* Release */,
			);
			defaultConfigurationIsVisible = 0;
			defaultConfigurationName = Debug;
		};
		FAD0C9E194854983822276AE /* Build configuration list for PBXNativeTarget "FriedTests" */ = {
			isa = XCConfigurationList;
			buildConfigurations = (
				AC8C59FE677B5F06EDC8EEA7 /* Debug */,
				696C0897F06EF68944BC9162 /* Release */,
			);
			defaultConfigurationIsVisible = 0;
			defaultConfigurationName = Debug;
		};
/* End XCConfigurationList section */
	};
	rootObject = 214BB128BB938738FB506F20 /* Project object */;
}
